{
    "version": 3,
    "terraform_version": "0.11.7",
    "serial": 1,
    "lineage": "c3612693-e70e-008c-f5d6-5ac0d9594b3c",
    "modules": [
        {
            "path": [
                "root"
            ],
            "outputs": {},
            "resources": {
                "data.google_iam_policy.cluster_node": {
                    "type": "google_iam_policy",
                    "depends_on": [
                        "google_service_account.cluster_service_account"
                    ],
                    "primary": {
                        "id": "996107232",
                        "attributes": {
                            "binding.#": "4",
                            "binding.1622295553.members.#": "1",
                            "binding.1622295553.members.2151415587": "serviceAccount:cluster-service-account@wkh-goog-le-com-advk8s-bc.iam.gserviceaccount.com",
                            "binding.1622295553.role": "roles/logging.logWriter",
                            "binding.2258619909.members.#": "1",
                            "binding.2258619909.members.2151415587": "serviceAccount:cluster-service-account@wkh-goog-le-com-advk8s-bc.iam.gserviceaccount.com",
                            "binding.2258619909.role": "roles/monitoring.viewer",
                            "binding.2795300171.members.#": "1",
                            "binding.2795300171.members.2151415587": "serviceAccount:cluster-service-account@wkh-goog-le-com-advk8s-bc.iam.gserviceaccount.com",
                            "binding.2795300171.role": "roles/monitoring.metricWriter",
                            "binding.3701942648.members.#": "1",
                            "binding.3701942648.members.2151415587": "serviceAccount:cluster-service-account@wkh-goog-le-com-advk8s-bc.iam.gserviceaccount.com",
                            "binding.3701942648.role": "roles/storage.objectViewer",
                            "id": "996107232",
                            "policy_data": "{\"bindings\":[{\"members\":[\"serviceAccount:cluster-service-account@wkh-goog-le-com-advk8s-bc.iam.gserviceaccount.com\"],\"role\":\"roles/logging.logWriter\"},{\"members\":[\"serviceAccount:cluster-service-account@wkh-goog-le-com-advk8s-bc.iam.gserviceaccount.com\"],\"role\":\"roles/monitoring.viewer\"},{\"members\":[\"serviceAccount:cluster-service-account@wkh-goog-le-com-advk8s-bc.iam.gserviceaccount.com\"],\"role\":\"roles/monitoring.metricWriter\"},{\"members\":[\"serviceAccount:cluster-service-account@wkh-goog-le-com-advk8s-bc.iam.gserviceaccount.com\"],\"role\":\"roles/storage.objectViewer\"}]}"
                        },
                        "meta": {},
                        "tainted": false
                    },
                    "deposed": [],
                    "provider": "provider.google"
                },
                "google_container_cluster.terratest": {
                    "type": "google_container_cluster",
                    "depends_on": [
                        "google_service_account.cluster_service_account"
                    ],
                    "primary": {
                        "id": "terratest-01",
                        "attributes": {
                            "additional_zones.#": "0",
                            "addons_config.#": "1",
                            "addons_config.0.horizontal_pod_autoscaling.#": "0",
                            "addons_config.0.http_load_balancing.#": "0",
                            "addons_config.0.kubernetes_dashboard.#": "0",
                            "addons_config.0.network_policy_config.#": "1",
                            "addons_config.0.network_policy_config.0.disabled": "true",
                            "cluster_ipv4_cidr": "10.8.0.0/14",
                            "description": "",
                            "enable_kubernetes_alpha": "false",
                            "enable_legacy_abac": "false",
                            "endpoint": "35.232.211.53",
                            "id": "terratest-01",
                            "initial_node_count": "3",
                            "instance_group_urls.#": "1",
                            "instance_group_urls.0": "https://www.googleapis.com/compute/v1/projects/wkh-goog-le-com-advk8s-bc/zones/us-central1-b/instanceGroups/gke-terratest-01-default-pool-f9fdf747-grp",
                            "ip_allocation_policy.#": "0",
                            "logging_service": "logging.googleapis.com",
                            "maintenance_policy.#": "0",
                            "master_auth.#": "1",
                            "master_auth.0.client_certificate": "LS0tLS1CRUdJTiBDRVJUSUZJQ0FURS0tLS0tCk1JSUMyekNDQWNPZ0F3SUJBZ0lSQUsyWGgvS3NFNTFwU1k2UXZyTnMrd0V3RFFZSktvWklodmNOQVFFTEJRQXcKTHpFdE1Dc0dBMVVFQXhNa05UWXhNamc0WmpVdFlURTFZaTAwTXpZMUxUZzBNV1F0T0RWa016WXlaVFZoTldJMApNQjRYRFRFNE1EZ3hNekl5TVRFeU9Wb1hEVEl6TURneE1qSXlNVEV5T1Zvd0VURVBNQTBHQTFVRUF4TUdZMnhwClpXNTBNSUlCSWpBTkJna3Foa2lHOXcwQkFRRUZBQU9DQVE4QU1JSUJDZ0tDQVFFQTBOT1pUV29ma0lacHZCUWkKcmVEelF5ZkFtSlhwYS9KUmhaYjNWWXNjRjgxZzl2eG5mZDJSYnFjZ0FHQzk5SlhKT3NoWW9WalR6bnpPVzVVVApCamZMd1orNm5Dem16c3AyYnRvY0tmeE5lekhDTUtlM1JkSWNtT0FabFZ0NkVORTRERWVXQUp0Q0luQk93SjVoCmkybGNXNk5BUXZ1alk2bkFZVVRhd1hHZGVsVTdMeC92RE1WL0ZZOWlmT0w5N1dxbFZLTllCbHV3VnVobThMRnEKcHErUHgxckJ0R2VpMjVaMnRrNnhJOTlNTHcwd3FkNVlUVCs1TExWcCtjSFBUQjNhUnpYK0xZaldDSzNDNzdrVwpBWjZVUDl5a296S2YzNXZKbmMwbmRDLy9BWC9aRWVLNFRSTXVSM0QybVBZQnVyNWxyT1lpR2VjYkJsbmpZc2hBClRwKytYd0lEQVFBQm94QXdEakFNQmdOVkhSTUJBZjhFQWpBQU1BMEdDU3FHU0liM0RRRUJDd1VBQTRJQkFRQ0sKZUd5UUxmS3pvZWFHdXBzbzVTMGIxRTFaUUtORk1KOHQrT21nTnNnVDVpZy9zbnc4TERWRVpKR0dOOC9ySkVqdQpYSzVKcUlkOWljTW5teWx0bVNWWEZwUm9XYmVlaWxHS3NrQXpPVmtoU0xHS0RLd2E5cS9NNFdMa0g3THBjVThZCjlqdmN3VnNKMTNnUlcvR3ZxamRRUFZDcU92azBadkNudmU2VDZkQS9SRCtoT2tFeklzYnlwMTlubGJjWTF5cFcKdTNiSHlUYmVvMlhMY1VQV3JqTUNYUFZRaGdXZTVhTTdQSmdPLzN6RVpCMnpKVVM1a0VYdGxCbEVpVktodjY4aApFYzFBL3FWOEY1ZmM4MUViRlhsQkphZnBhcVNnZGEwYnA0VFBLVmExeE53UU5SRlloeExqaUo2dDAxN3A1VjNWCitvUTRSbmN0Qnc1QW9WRmJrK1ZNCi0tLS0tRU5EIENFUlRJRklDQVRFLS0tLS0K",
                            "master_auth.0.client_certificate_config.#": "0",
                            "master_auth.0.client_key": "LS0tLS1CRUdJTiBSU0EgUFJJVkFURSBLRVktLS0tLQpNSUlFcEFJQkFBS0NBUUVBME5PWlRXb2ZrSVpwdkJRaXJlRHpReWZBbUpYcGEvSlJoWmIzVllzY0Y4MWc5dnhuCmZkMlJicWNnQUdDOTlKWEpPc2hZb1ZqVHpuek9XNVVUQmpmTHdaKzZuQ3ptenNwMmJ0b2NLZnhOZXpIQ01LZTMKUmRJY21PQVpsVnQ2RU5FNERFZVdBSnRDSW5CT3dKNWhpMmxjVzZOQVF2dWpZNm5BWVVUYXdYR2RlbFU3THgvdgpETVYvRlk5aWZPTDk3V3FsVktOWUJsdXdWdWhtOExGcXBxK1B4MXJCdEdlaTI1WjJ0azZ4STk5TUx3MHdxZDVZClRUKzVMTFZwK2NIUFRCM2FSelgrTFlqV0NLM0M3N2tXQVo2VVA5eWtvektmMzV2Sm5jMG5kQy8vQVgvWkVlSzQKVFJNdVIzRDJtUFlCdXI1bHJPWWlHZWNiQmxuallzaEFUcCsrWHdJREFRQUJBb0lCQUZaV1Bhb1BoN2hSa2pLVAo0cGlnQ2dOSVVxempRZ3dDdGVpMDkxSlRQc3lxZVgzejhmZk1YTjN5VTkxRUloVVd2b2xDbnI0cWd2dDZoemkvCkJBd01rbjNkZzZJaFFGWGJ5Q1pobjhaT0RWeXpRRldzYWE0QXhoa0FnaU5KbkVpS3I1RUlJY0RqYis3Y0h2c3QKSUNncTZlZnJNVnpnTy9ldkRaNUpnT1g4aXI2eDhUemd5aUV6V2REV3dXOC93UG9McXVXSXliZTl0cHVOL0JKcApIeWo4Z2Iwak0vZ3kzeHJuS01lcCtyVzEvZzRaQkI4Y29lZGNpN3djMWR3eVZQKy9qNUsxR0FtZ2tDSldUTGZlCnpxc0JON3FOeEdtZ1l4cDNMZG1ZU1A5bVJ5eGpIS3p6RzczMThwcTFzUGM4UkxBcDhUTHFkbzdhcCtld3NyMVIKYzMwOTE3a0NnWUVBL3NnOXhQV2M2NWFyMXBnU1c5VndMaXUyQ3pjTGFTTG8rU3FyMEtraDhyUHlqSTRjb2RHUgo2S3RxTkZRS2xkQzVNRFFYMG5OTHN5bWVZMjV6NUlNOTB4NjhsVnp3RU1yaEJIOWxnQlJOSnJ3eEJ2bytoYnc5CjdnZW51VnlmdnJCWXVOOFc1QTcvdEtwZFpnZHc1Z0hlM3VpeGpkMVI4dFp2SkhrNHhkL3pHdGtDZ1lFQTBkTWYKKzZkQVIvd2xXRXhDa2VrNUtKeUtpWHdwYmR0NlhhV01DL3IxUm8zR01pa0N4Qm5yemMzeUFraG51ZmpZaHhnQQpSTzhOSEtYc0EzV0ZJVGdMa1Bxc1ZqOU81eTRHNEplSDc5L1dOcURDME42V1hHaURxNi9jME9yRFRHWkdxSGpUCnlZbUVYbzJHM3pnelVtVGVneFoyb3F1WWFnTm14V21XNEw1YkwvY0NnWUVBeFc2a054bGhWVXAzdEo0NU04S3MKNElwczBqb0FkS05oeDV1aWN0cHRmU2Ftb1BhTEIzWmZ5OTN4T2NXYVFrZnhDWUtFcDBkQzlQNGVSOHpTcjlSbgp0MDhOTWUxSDlxdFFQV3ovV1lYaDEwOWo2cFZHbDltc1grUzh1eTRrZDk4dGtXMEd6d2swYTJyTlg0QUtvNkgxCmMrVDdtZ1JVT1lxanE2N29LS1lITzlrQ2dZRUF0eGo2RHRycklDWHEzTHRuVi9aaDE0dUs1T0NCTW9sVXBZV0IKeVM2TWZLM1k1d3FjakUxbVZPaERLRFRRdHh0c3I2NkZCYUpwR2JlOFZXUm04UTc4SU41dUpyRUdCSHhJcWhIeApJS1IrUkp0U2hYdkhVQW92NUZFSmF4R0JyUmlPemhMcUZUTTRYRjQ1OUc0UmN2UHNyQTJkSnVTQWt2bzI0MHY1CnlsS3lOZzhDZ1lCSUJEMTBJV2tOQWtaSVAzemJiWXlqcGZlYTl2VGpjcUpselliNmprVE55NzRnNVMrNUxScXAKWCtuRzE4T1lrdk5Gbmoxb3Zjd2c3K2NIazg2TXVna0owekdxMnRBcnRYL1hsVU9yMXdZMDdPZnRLMVpkS0VpNApiMnBiSGJPQWpjYzd6MnIxRHpQMmNwTkFuYmhzcWI2STZQdExvc0FCTENGYVpOMUs2MktCSnc9PQotLS0tLUVORCBSU0EgUFJJVkFURSBLRVktLS0tLQo=",
                            "master_auth.0.cluster_ca_certificate": "LS0tLS1CRUdJTiBDRVJUSUZJQ0FURS0tLS0tCk1JSURDekNDQWZPZ0F3SUJBZ0lRWFRZNU9yZlV1QTBPQjZscmtFM2gvVEFOQmdrcWhraUc5dzBCQVFzRkFEQXYKTVMwd0t3WURWUVFERXlRMU5qRXlPRGhtTlMxaE1UVmlMVFF6TmpVdE9EUXhaQzA0TldRek5qSmxOV0UxWWpRdwpIaGNOTVRnd09ERXpNakV4TVRJNFdoY05Nak13T0RFeU1qSXhNVEk0V2pBdk1TMHdLd1lEVlFRREV5UTFOakV5Ck9EaG1OUzFoTVRWaUxUUXpOalV0T0RReFpDMDROV1F6TmpKbE5XRTFZalF3Z2dFaU1BMEdDU3FHU0liM0RRRUIKQVFVQUE0SUJEd0F3Z2dFS0FvSUJBUUNiWUtZRFptN1Q3U0ZBME1PMmZIUkdiSkgrem4zNVV6WmRmQXMweTFsQQpBeks5ZFgvSWh6R3FmcHdwOGFrVUFCMVYvSS9BZHRsTFRhT21oaHZQSlVvZTVzNFdneHJzYnhZYWdpS3B2KytsCkljemVGQ1B4cWc2cW1BM2F0QTNQNjBjOEpVdVY3UjFMb2dyVXpjc1B4OEFEK2dVa0NCVVdHYzBZcmp2VlMwclYKK0VqSGtrejZGVVloNW9QY00wcVJ4SjFwTVlPQ1AwcVVJdUhSWGptWVMrZEJGaVpNaFliWjBEUFpTd2lGTTZVOApOZUJuMHpyNUdmaS9qb3lKN09lY3JyeGtoYlRBalNGRWRqK0xPSVZuSmdjcS9OczUzaGxqUmY3Z1crNmcvVUF0CjF1RThtWU5RTlhIWVd6V21ObU96WGdjSWFXQ2g0bjJNUWYxeVBlWnlTOGE1QWdNQkFBR2pJekFoTUE0R0ExVWQKRHdFQi93UUVBd0lDQkRBUEJnTlZIUk1CQWY4RUJUQURBUUgvTUEwR0NTcUdTSWIzRFFFQkN3VUFBNElCQVFBZAo3UWNRa0l4MHlLSHFyZlFqVnU4K00wbzZDWERWYm5pTVplT1hwb2RGZHJ0T2psdFBPY1kvRDBWR3pabEhyMWZnCkE3Sjd2Nm5jYURBaXdyNTlUSHR4enprYWFzb2VURUsyWjNLRnBod2l6R1J5VHVOQmlvSzkzY0NSTlBXWXdkMUoKcDFGU0RhdmtPK3pqNnRSRjdkdjArNDhTQ0JZR2xOdlNTenV4QXd5UXZubExZTDg3bmxWb2x0ak8yQi9BMktEUwpRcnMyZlI4b2hsQjg0bGdSSFF1aS9oT2dYWjdERkVCV1Fta1dJTjRWcEtaSXB1T2kyUG5KUHI0VjFKNnFVNmVqCk9INFRMaUxNVEtieWJMdHM0ei9ldFFhampOQ2ZHWW15RUh0Z1hSc3E0ZGVXaUNnL1FFWEtZR3BGdFNqSDdDMmMKUyt3bGxMOVZwYTFKeERac3dRdnQKLS0tLS1FTkQgQ0VSVElGSUNBVEUtLS0tLQo=",
                            "master_auth.0.password": "",
                            "master_auth.0.username": "",
                            "master_authorized_networks_config.#": "0",
                            "master_ipv4_cidr_block": "",
                            "master_version": "1.9.7-gke.5",
                            "monitoring_service": "monitoring.googleapis.com",
                            "name": "terratest-01",
                            "network": "projects/wkh-goog-le-com-advk8s-bc/global/networks/default",
                            "network_policy.#": "1",
                            "network_policy.0.enabled": "false",
                            "network_policy.0.provider": "PROVIDER_UNSPECIFIED",
                            "node_config.#": "1",
                            "node_config.0.disk_size_gb": "100",
                            "node_config.0.disk_type": "pd-standard",
                            "node_config.0.guest_accelerator.#": "0",
                            "node_config.0.image_type": "COS",
                            "node_config.0.labels.%": "1",
                            "node_config.0.labels.role": "test",
                            "node_config.0.local_ssd_count": "0",
                            "node_config.0.machine_type": "n1-standard-1",
                            "node_config.0.metadata.%": "0",
                            "node_config.0.min_cpu_platform": "",
                            "node_config.0.oauth_scopes.#": "6",
                            "node_config.0.oauth_scopes.1277378754": "https://www.googleapis.com/auth/monitoring",
                            "node_config.0.oauth_scopes.1632638332": "https://www.googleapis.com/auth/devstorage.read_only",
                            "node_config.0.oauth_scopes.172152165": "https://www.googleapis.com/auth/logging.write",
                            "node_config.0.oauth_scopes.1733087937": "https://www.googleapis.com/auth/cloud-platform",
                            "node_config.0.oauth_scopes.2428168921": "https://www.googleapis.com/auth/userinfo.email",
                            "node_config.0.oauth_scopes.299962681": "https://www.googleapis.com/auth/compute",
                            "node_config.0.preemptible": "false",
                            "node_config.0.service_account": "cluster-service-account@wkh-goog-le-com-advk8s-bc.iam.gserviceaccount.com",
                            "node_config.0.tags.#": "0",
                            "node_config.0.taint.#": "0",
                            "node_config.0.workload_metadata_config.#": "0",
                            "node_pool.#": "1",
                            "node_pool.0.autoscaling.#": "0",
                            "node_pool.0.initial_node_count": "3",
                            "node_pool.0.instance_group_urls.#": "1",
                            "node_pool.0.instance_group_urls.0": "https://www.googleapis.com/compute/v1/projects/wkh-goog-le-com-advk8s-bc/zones/us-central1-b/instanceGroupManagers/gke-terratest-01-default-pool-f9fdf747-grp",
                            "node_pool.0.management.#": "1",
                            "node_pool.0.management.0.auto_repair": "false",
                            "node_pool.0.management.0.auto_upgrade": "false",
                            "node_pool.0.name": "default-pool",
                            "node_pool.0.name_prefix": "",
                            "node_pool.0.node_config.#": "1",
                            "node_pool.0.node_config.0.disk_size_gb": "100",
                            "node_pool.0.node_config.0.disk_type": "pd-standard",
                            "node_pool.0.node_config.0.guest_accelerator.#": "0",
                            "node_pool.0.node_config.0.image_type": "COS",
                            "node_pool.0.node_config.0.labels.%": "1",
                            "node_pool.0.node_config.0.labels.role": "test",
                            "node_pool.0.node_config.0.local_ssd_count": "0",
                            "node_pool.0.node_config.0.machine_type": "n1-standard-1",
                            "node_pool.0.node_config.0.metadata.%": "0",
                            "node_pool.0.node_config.0.min_cpu_platform": "",
                            "node_pool.0.node_config.0.oauth_scopes.#": "6",
                            "node_pool.0.node_config.0.oauth_scopes.1277378754": "https://www.googleapis.com/auth/monitoring",
                            "node_pool.0.node_config.0.oauth_scopes.1632638332": "https://www.googleapis.com/auth/devstorage.read_only",
                            "node_pool.0.node_config.0.oauth_scopes.172152165": "https://www.googleapis.com/auth/logging.write",
                            "node_pool.0.node_config.0.oauth_scopes.1733087937": "https://www.googleapis.com/auth/cloud-platform",
                            "node_pool.0.node_config.0.oauth_scopes.2428168921": "https://www.googleapis.com/auth/userinfo.email",
                            "node_pool.0.node_config.0.oauth_scopes.299962681": "https://www.googleapis.com/auth/compute",
                            "node_pool.0.node_config.0.preemptible": "false",
                            "node_pool.0.node_config.0.service_account": "cluster-service-account@wkh-goog-le-com-advk8s-bc.iam.gserviceaccount.com",
                            "node_pool.0.node_config.0.tags.#": "0",
                            "node_pool.0.node_config.0.taint.#": "0",
                            "node_pool.0.node_config.0.workload_metadata_config.#": "0",
                            "node_pool.0.node_count": "3",
                            "node_pool.0.version": "1.9.7-gke.5",
                            "node_version": "1.9.7-gke.5",
                            "pod_security_policy_config.#": "0",
                            "private_cluster": "false",
                            "project": "wkh-goog-le-com-advk8s-bc",
                            "resource_labels.%": "0",
                            "subnetwork": "projects/wkh-goog-le-com-advk8s-bc/regions/us-central1/subnetworks/default",
                            "zone": "us-central1-b"
                        },
                        "meta": {
                            "e2bfb730-ecaa-11e6-8f88-34363bc7c4c0": {
                                "create": 1800000000000,
                                "delete": 600000000000,
                                "update": 600000000000
                            },
                            "schema_version": "1"
                        },
                        "tainted": false
                    },
                    "deposed": [],
                    "provider": "provider.google"
                },
                "google_project_iam_policy.cluster": {
                    "type": "google_project_iam_policy",
                    "depends_on": [
                        "data.google_iam_policy.cluster_node"
                    ],
                    "primary": {
                        "id": "wkh-goog-le-com-advk8s-bc",
                        "attributes": {
                            "etag": "BwVzWGAJPus=",
                            "id": "wkh-goog-le-com-advk8s-bc",
                            "policy_data": "{\"bindings\":[{\"members\":[\"serviceAccount:cluster-service-account@wkh-goog-le-com-advk8s-bc.iam.gserviceaccount.com\"],\"role\":\"roles/storage.objectViewer\"},{\"members\":[\"serviceAccount:cluster-service-account@wkh-goog-le-com-advk8s-bc.iam.gserviceaccount.com\"],\"role\":\"roles/monitoring.metricWriter\"},{\"members\":[\"serviceAccount:cluster-service-account@wkh-goog-le-com-advk8s-bc.iam.gserviceaccount.com\"],\"role\":\"roles/logging.logWriter\"},{\"members\":[\"serviceAccount:cluster-service-account@wkh-goog-le-com-advk8s-bc.iam.gserviceaccount.com\"],\"role\":\"roles/monitoring.viewer\"}]}",
                            "project": "wkh-goog-le-com-advk8s-bc",
                            "restore_policy": "{\"bindings\":[{\"members\":[\"serviceAccount:206510600683-compute@developer.gserviceaccount.com\",\"serviceAccount:206510600683@cloudservices.gserviceaccount.com\",\"serviceAccount:service-206510600683@containerregistry.iam.gserviceaccount.com\"],\"role\":\"roles/editor\"},{\"members\":[\"serviceAccount:sa-206510600683-cluster@wkh-goog-le-com-advk8s-bc.iam.gserviceaccount.com\"],\"role\":\"roles/logging.logWriter\"},{\"members\":[\"serviceAccount:asa-73c4bdbd62f7a96d97c5@wkh-goog-le-com-advk8s-bc.iam.gserviceaccount.com\"],\"role\":\"roles/storage.objectAdmin\"},{\"members\":[\"serviceAccount:service-206510600683@compute-system.iam.gserviceaccount.com\"],\"role\":\"roles/compute.serviceAgent\"},{\"members\":[\"serviceAccount:service-206510600683@container-engine-robot.iam.gserviceaccount.com\"],\"role\":\"roles/container.serviceAgent\"},{\"members\":[\"serviceAccount:sa-206510600683-cluster@wkh-goog-le-com-advk8s-bc.iam.gserviceaccount.com\"],\"role\":\"roles/monitoring.metricWriter\"},{\"members\":[\"serviceAccount:sa-206510600683-cluster@wkh-goog-le-com-advk8s-bc.iam.gserviceaccount.com\"],\"role\":\"roles/monitoring.viewer\"},{\"members\":[\"serviceAccount:sa-206510600683-cluster@wkh-goog-le-com-advk8s-bc.iam.gserviceaccount.com\"],\"role\":\"roles/errorreporting.writer\"},{\"members\":[\"serviceAccount:sa-206510600683-cluster@wkh-goog-le-com-advk8s-bc.iam.gserviceaccount.com\"],\"role\":\"roles/storage.objectViewer\"},{\"members\":[\"serviceAccount:sa-206510600683-cluster@wkh-goog-le-com-advk8s-bc.iam.gserviceaccount.com\"],\"role\":\"roles/clouddebugger.agent\"},{\"members\":[\"serviceAccount:sa-206510600683-cluster@wkh-goog-le-com-advk8s-bc.iam.gserviceaccount.com\"],\"role\":\"roles/cloudtrace.agent\"},{\"members\":[\"serviceAccount:asa-73c4bdbd62f7a96d97c5@wkh-goog-le-com-advk8s-bc.iam.gserviceaccount.com\",\"serviceAccount:lsa-f060b18e4b2b2298e3ac@wkh-goog-le-com-advk8s-bc.iam.gserviceaccount.com\",\"serviceAccount:rsa-e6d7d7030c2281e52056@wkh-goog-le-com-advk8s-bc.iam.gserviceaccount.com\"],\"role\":\"roles/pubsub.editor\"},{\"members\":[\"serviceAccount:206510600683@cloudbuild.gserviceaccount.com\"],\"role\":\"roles/cloudbuild.builds.builder\"},{\"members\":[\"serviceAccount:sa-206510600683-vm@wkh-goog-le-com-advk8s-bc.iam.gserviceaccount.com\",\"user:wkh@google.com\",\"serviceAccount:206510600683@cloudservices.gserviceaccount.com\"],\"role\":\"roles/owner\"}],\"etag\":\"BwVzWCGhnsc=\",\"version\":1}"
                        },
                        "meta": {},
                        "tainted": false
                    },
                    "deposed": [],
                    "provider": "provider.google"
                },
                "google_service_account.cluster_service_account": {
                    "type": "google_service_account",
                    "depends_on": [],
                    "primary": {
                        "id": "projects/wkh-goog-le-com-advk8s-bc/serviceAccounts/cluster-service-account@wkh-goog-le-com-advk8s-bc.iam.gserviceaccount.com",
                        "attributes": {
                            "account_id": "cluster-service-account",
                            "display_name": "Kubernetes Engine Cluster Service Account",
                            "email": "cluster-service-account@wkh-goog-le-com-advk8s-bc.iam.gserviceaccount.com",
                            "id": "projects/wkh-goog-le-com-advk8s-bc/serviceAccounts/cluster-service-account@wkh-goog-le-com-advk8s-bc.iam.gserviceaccount.com",
                            "name": "projects/wkh-goog-le-com-advk8s-bc/serviceAccounts/cluster-service-account@wkh-goog-le-com-advk8s-bc.iam.gserviceaccount.com",
                            "project": "wkh-goog-le-com-advk8s-bc",
                            "unique_id": "103992445741433361848"
                        },
                        "meta": {},
                        "tainted": false
                    },
                    "deposed": [],
                    "provider": "provider.google"
                }
            },
            "depends_on": []
        }
    ]
}
